
Microsoft Visual Studio Solution File, Format Version 12.00
# Visual Studio Version 17
VisualStudioVersion = 17.13.35931.197
MinimumVisualStudioVersion = 10.0.40219.1
Project("{2150E333-8FDC-42A3-9474-1A3956D46DE8}") = "src", "src", "{02EA681E-C7D8-13C7-8484-4AC65E1B71E8}"
EndProject
Project("{2150E333-8FDC-42A3-9474-1A3956D46DE8}") = "tests", "tests", "{720DFB7B-D5EE-4E32-A40A-182ED23BD15B}"
EndProject
Project("{2150E333-8FDC-42A3-9474-1A3956D46DE8}") = "Backend", "Backend", "{2FFB3420-E257-47E4-9ED6-513C7E18E5CF}"
EndProject
Project("{2150E333-8FDC-42A3-9474-1A3956D46DE8}") = "Shared", "Shared", "{BF7F4E3D-A60D-4A8D-9E39-FCC5ACB791DF}"
EndProject
Project("{FAE04EC0-301F-11D3-BF4B-00C04F79EFBC}") = "RecipeBook.API", "src\Backend\RecipeBook.API\RecipeBook.API.csproj", "{B7BD7137-F7BE-41A3-B1CE-8553C9EC8EC5}"
	ProjectSection(ProjectDependencies) = postProject
		{AABAE947-0863-4665-87B3-2CCCB89DDAFF} = {AABAE947-0863-4665-87B3-2CCCB89DDAFF}
		{BF6B782A-8A76-4E93-A05F-55F1994AB896} = {BF6B782A-8A76-4E93-A05F-55F1994AB896}
	EndProjectSection
EndProject
Project("{FAE04EC0-301F-11D3-BF4B-00C04F79EFBC}") = "RecipeBook.Domain", "src\Backend\RecipeBook.Domain\RecipeBook.Domain.csproj", "{BFB549F1-854E-47A3-81B3-2540E723F0C4}"
EndProject
Project("{FAE04EC0-301F-11D3-BF4B-00C04F79EFBC}") = "RecipeBook.Infrastructure", "src\Backend\RecipeBook.Infrastructure\RecipeBook.Infrastructure.csproj", "{ADD7C541-1C02-407F-B50E-9D94ADB95021}"
	ProjectSection(ProjectDependencies) = postProject
		{BFB549F1-854E-47A3-81B3-2540E723F0C4} = {BFB549F1-854E-47A3-81B3-2540E723F0C4}
	EndProjectSection
EndProject
Project("{FAE04EC0-301F-11D3-BF4B-00C04F79EFBC}") = "RecipeBook.Communication", "src\Shared\RecipeBook.Communication\RecipeBook.Communication.csproj", "{AABAE947-0863-4665-87B3-2CCCB89DDAFF}"
EndProject
Project("{FAE04EC0-301F-11D3-BF4B-00C04F79EFBC}") = "RecipeBook.Exceptions", "src\Shared\RecipeBook.Exceptions\RecipeBook.Exceptions.csproj", "{BF6B782A-8A76-4E93-A05F-55F1994AB896}"
EndProject
Project("{FAE04EC0-301F-11D3-BF4B-00C04F79EFBC}") = "RecipeBook.Application", "src\Backend\RecipeBook.Application\RecipeBook.Application.csproj", "{0D76226D-3B7B-FF89-9C7C-69553D128F5F}"
EndProject
Global
	GlobalSection(SolutionConfigurationPlatforms) = preSolution
		Debug|Any CPU = Debug|Any CPU
		Release|Any CPU = Release|Any CPU
	EndGlobalSection
	GlobalSection(ProjectConfigurationPlatforms) = postSolution
		{B7BD7137-F7BE-41A3-B1CE-8553C9EC8EC5}.Debug|Any CPU.ActiveCfg = Debug|Any CPU
		{B7BD7137-F7BE-41A3-B1CE-8553C9EC8EC5}.Debug|Any CPU.Build.0 = Debug|Any CPU
		{B7BD7137-F7BE-41A3-B1CE-8553C9EC8EC5}.Release|Any CPU.ActiveCfg = Release|Any CPU
		{B7BD7137-F7BE-41A3-B1CE-8553C9EC8EC5}.Release|Any CPU.Build.0 = Release|Any CPU
		{BFB549F1-854E-47A3-81B3-2540E723F0C4}.Debug|Any CPU.ActiveCfg = Debug|Any CPU
		{BFB549F1-854E-47A3-81B3-2540E723F0C4}.Debug|Any CPU.Build.0 = Debug|Any CPU
		{BFB549F1-854E-47A3-81B3-2540E723F0C4}.Release|Any CPU.ActiveCfg = Release|Any CPU
		{BFB549F1-854E-47A3-81B3-2540E723F0C4}.Release|Any CPU.Build.0 = Release|Any CPU
		{ADD7C541-1C02-407F-B50E-9D94ADB95021}.Debug|Any CPU.ActiveCfg = Debug|Any CPU
		{ADD7C541-1C02-407F-B50E-9D94ADB95021}.Debug|Any CPU.Build.0 = Debug|Any CPU
		{ADD7C541-1C02-407F-B50E-9D94ADB95021}.Release|Any CPU.ActiveCfg = Release|Any CPU
		{ADD7C541-1C02-407F-B50E-9D94ADB95021}.Release|Any CPU.Build.0 = Release|Any CPU
		{AABAE947-0863-4665-87B3-2CCCB89DDAFF}.Debug|Any CPU.ActiveCfg = Debug|Any CPU
		{AABAE947-0863-4665-87B3-2CCCB89DDAFF}.Debug|Any CPU.Build.0 = Debug|Any CPU
		{AABAE947-0863-4665-87B3-2CCCB89DDAFF}.Release|Any CPU.ActiveCfg = Release|Any CPU
		{AABAE947-0863-4665-87B3-2CCCB89DDAFF}.Release|Any CPU.Build.0 = Release|Any CPU
		{BF6B782A-8A76-4E93-A05F-55F1994AB896}.Debug|Any CPU.ActiveCfg = Debug|Any CPU
		{BF6B782A-8A76-4E93-A05F-55F1994AB896}.Debug|Any CPU.Build.0 = Debug|Any CPU
		{BF6B782A-8A76-4E93-A05F-55F1994AB896}.Release|Any CPU.ActiveCfg = Release|Any CPU
		{BF6B782A-8A76-4E93-A05F-55F1994AB896}.Release|Any CPU.Build.0 = Release|Any CPU
		{0D76226D-3B7B-FF89-9C7C-69553D128F5F}.Debug|Any CPU.ActiveCfg = Debug|Any CPU
		{0D76226D-3B7B-FF89-9C7C-69553D128F5F}.Debug|Any CPU.Build.0 = Debug|Any CPU
		{0D76226D-3B7B-FF89-9C7C-69553D128F5F}.Release|Any CPU.ActiveCfg = Release|Any CPU
		{0D76226D-3B7B-FF89-9C7C-69553D128F5F}.Release|Any CPU.Build.0 = Release|Any CPU
	EndGlobalSection
	GlobalSection(SolutionProperties) = preSolution
		HideSolutionNode = FALSE
	EndGlobalSection
	GlobalSection(NestedProjects) = preSolution
		{2FFB3420-E257-47E4-9ED6-513C7E18E5CF} = {02EA681E-C7D8-13C7-8484-4AC65E1B71E8}
		{BF7F4E3D-A60D-4A8D-9E39-FCC5ACB791DF} = {02EA681E-C7D8-13C7-8484-4AC65E1B71E8}
		{B7BD7137-F7BE-41A3-B1CE-8553C9EC8EC5} = {2FFB3420-E257-47E4-9ED6-513C7E18E5CF}
		{BFB549F1-854E-47A3-81B3-2540E723F0C4} = {2FFB3420-E257-47E4-9ED6-513C7E18E5CF}
		{ADD7C541-1C02-407F-B50E-9D94ADB95021} = {2FFB3420-E257-47E4-9ED6-513C7E18E5CF}
		{AABAE947-0863-4665-87B3-2CCCB89DDAFF} = {BF7F4E3D-A60D-4A8D-9E39-FCC5ACB791DF}
		{BF6B782A-8A76-4E93-A05F-55F1994AB896} = {BF7F4E3D-A60D-4A8D-9E39-FCC5ACB791DF}
		{0D76226D-3B7B-FF89-9C7C-69553D128F5F} = {2FFB3420-E257-47E4-9ED6-513C7E18E5CF}
	EndGlobalSection
	GlobalSection(ExtensibilityGlobals) = postSolution
		SolutionGuid = {383700DB-DE90-4085-A095-7378DDA2C46F}
	EndGlobalSection
EndGlobal
